
Microsoft Visual Studio Solution File, Format Version 12.00
# Visual Studio Version 17
VisualStudioVersion = 17.7.34031.279
MinimumVisualStudioVersion = 10.0.40219.1
Project("{FAE04EC0-301F-11D3-BF4B-00C04F79EFBC}") = "CarAPI", "CarAPI\CarAPI.csproj", "{B9EA49CE-E8E2-4DF0-BF73-65793BA3191D}"
EndProject
Global
	GlobalSection(SolutionConfigurationPlatforms) = preSolution
		Debug|Any CPU = Debug|Any CPU
		Release|Any CPU = Release|Any CPU
	EndGlobalSection
	GlobalSection(ProjectConfigurationPlatforms) = postSolution
		{B9EA49CE-E8E2-4DF0-BF73-65793BA3191D}.Debug|Any CPU.ActiveCfg = Debug|Any CPU
		{B9EA49CE-E8E2-4DF0-BF73-65793BA3191D}.Debug|Any CPU.Build.0 = Debug|Any CPU
		{B9EA49CE-E8E2-4DF0-BF73-65793BA3191D}.Release|Any CPU.ActiveCfg = Release|Any CPU
		{B9EA49CE-E8E2-4DF0-BF73-65793BA3191D}.Release|Any CPU.Build.0 = Release|Any CPU
	EndGlobalSection
	GlobalSection(SolutionProperties) = preSolution
		HideSolutionNode = FALSE
	EndGlobalSection
	GlobalSection(ExtensibilityGlobals) = postSolution
		SolutionGuid = {A1E5AC7D-B86B-46B4-8B01-E7AF581E19CE}
	EndGlobalSection
EndGlobal
